// !$*UTF8*$!
{
	archiveVersion = 1;
	classes = {
	};
	objectVersion = 46;
	objects = {

/* Begin PBXBuildFile section */
		111B8F1B3ED00CDC52DA2843 /* Pods_FriendFinderTests.framework in Frameworks */ = {isa = PBXBuildFile; fileRef = D8CE84B12AA706F1B764A408 /* Pods_FriendFinderTests.framework */; };
		3933236A940E4DB523CE55A7 /* Pods_FriendFinder.framework in Frameworks */ = {isa = PBXBuildFile; fileRef = F585BB3615AC2957E8378E09 /* Pods_FriendFinder.framework */; };
		42568A4B1F3DC763007E0B05 /* fontawesome-webfont.ttf in Resources */ = {isa = PBXBuildFile; fileRef = 42568A4A1F3DC762007E0B05 /* fontawesome-webfont.ttf */; };
		427521DC1F4433F50098FFB0 /* MenuItem.swift in Sources */ = {isa = PBXBuildFile; fileRef = 427521DB1F4433F50098FFB0 /* MenuItem.swift */; };
		427521E01F4A9C450098FFB0 /* InvitesViewController.swift in Sources */ = {isa = PBXBuildFile; fileRef = 427521DF1F4A9C450098FFB0 /* InvitesViewController.swift */; };
		427521E21F4A9E230098FFB0 /* UserViewCell.swift in Sources */ = {isa = PBXBuildFile; fileRef = 427521E11F4A9E230098FFB0 /* UserViewCell.swift */; };
		42AB1D471F406E6B0022B88F /* MenuViewController.swift in Sources */ = {isa = PBXBuildFile; fileRef = 42AB1D461F406E6B0022B88F /* MenuViewController.swift */; };
		42AB1D491F406EE70022B88F /* FFUser.swift in Sources */ = {isa = PBXBuildFile; fileRef = 42AB1D481F406EE70022B88F /* FFUser.swift */; };
		42AB1D4B1F40761E0022B88F /* Storyboard.storyboard in Resources */ = {isa = PBXBuildFile; fileRef = 42AB1D4A1F40761E0022B88F /* Storyboard.storyboard */; };
		42AB1D4D1F419F9B0022B88F /* MenuViewCell.swift in Sources */ = {isa = PBXBuildFile; fileRef = 42AB1D4C1F419F9B0022B88F /* MenuViewCell.swift */; };
		42AB1D4F1F419FFC0022B88F /* SubtitleTableViewCell.swift in Sources */ = {isa = PBXBuildFile; fileRef = 42AB1D4E1F419FFC0022B88F /* SubtitleTableViewCell.swift */; };
		42EDBAFA1F1A346600C40DAE /* Utils.swift in Sources */ = {isa = PBXBuildFile; fileRef = 42EDBAF91F1A346600C40DAE /* Utils.swift */; };
		42FF92141F05014100A6421B /* BottomBorderTextField.swift in Sources */ = {isa = PBXBuildFile; fileRef = 42FF92131F05014100A6421B /* BottomBorderTextField.swift */; };
		42FF92171F0F7B0800A6421B /* Default-568h@2x.png in Resources */ = {isa = PBXBuildFile; fileRef = 42FF92161F0F7B0800A6421B /* Default-568h@2x.png */; };
		982351231F036A58005F853F /* GoogleService-Info.plist in Resources */ = {isa = PBXBuildFile; fileRef = 982351221F036A58005F853F /* GoogleService-Info.plist */; };
		9823B0691F08AB7D00982623 /* Errors.swift in Sources */ = {isa = PBXBuildFile; fileRef = 9823B0681F08AB7D00982623 /* Errors.swift */; };
		9823B06C1F08D5EB00982623 /* MapViewController.swift in Sources */ = {isa = PBXBuildFile; fileRef = 9823B06B1F08D5EB00982623 /* MapViewController.swift */; };
		9823B0711F0B931700982623 /* Roboto-Medium.ttf in Resources */ = {isa = PBXBuildFile; fileRef = 9823B0701F0B931700982623 /* Roboto-Medium.ttf */; };
		98587B761F2F23CD00E4452D /* DragDismissAnimator.swift in Sources */ = {isa = PBXBuildFile; fileRef = 98587B751F2F23CD00E4452D /* DragDismissAnimator.swift */; };
		98587B781F2F2AC900E4452D /* SwipeInteractor.swift in Sources */ = {isa = PBXBuildFile; fileRef = 98587B771F2F2AC900E4452D /* SwipeInteractor.swift */; };
		98A11D531EFA53F2007050E4 /* AppDelegate.swift in Sources */ = {isa = PBXBuildFile; fileRef = 98A11D521EFA53F2007050E4 /* AppDelegate.swift */; };
		98A11D551EFA53F2007050E4 /* LaunchController.swift in Sources */ = {isa = PBXBuildFile; fileRef = 98A11D541EFA53F2007050E4 /* LaunchController.swift */; };
		98A11D581EFA53F2007050E4 /* Main.storyboard in Resources */ = {isa = PBXBuildFile; fileRef = 98A11D561EFA53F2007050E4 /* Main.storyboard */; };
		98A11D5A1EFA53F2007050E4 /* Assets.xcassets in Resources */ = {isa = PBXBuildFile; fileRef = 98A11D591EFA53F2007050E4 /* Assets.xcassets */; };
		98A11D5D1EFA53F2007050E4 /* LaunchScreen.storyboard in Resources */ = {isa = PBXBuildFile; fileRef = 98A11D5B1EFA53F2007050E4 /* LaunchScreen.storyboard */; };
		98A11D681EFA53F2007050E4 /* FriendFinderTests.swift in Sources */ = {isa = PBXBuildFile; fileRef = 98A11D671EFA53F2007050E4 /* FriendFinderTests.swift */; };
		98A11D731EFA5439007050E4 /* LoginController.swift in Sources */ = {isa = PBXBuildFile; fileRef = 98A11D721EFA5439007050E4 /* LoginController.swift */; };
		98A11D751EFE0287007050E4 /* NextViewController.swift in Sources */ = {isa = PBXBuildFile; fileRef = 98A11D741EFE0287007050E4 /* NextViewController.swift */; };
		98B48AAE1F18A15000099AF2 /* Pods_FriendFinder.framework in Frameworks */ = {isa = PBXBuildFile; fileRef = F585BB3615AC2957E8378E09 /* Pods_FriendFinder.framework */; };
		98B48AAF1F18A15000099AF2 /* Pods_FriendFinder.framework in Embed Frameworks */ = {isa = PBXBuildFile; fileRef = F585BB3615AC2957E8378E09 /* Pods_FriendFinder.framework */; settings = {ATTRIBUTES = (CodeSignOnCopy, RemoveHeadersOnCopy, ); }; };
		98B48AB71F1C94DD00099AF2 /* InfoWindowView.xib in Resources */ = {isa = PBXBuildFile; fileRef = 98B48AB61F1C94DD00099AF2 /* InfoWindowView.xib */; };
		98B48AB91F1C950400099AF2 /* InfoWindowView.swift in Sources */ = {isa = PBXBuildFile; fileRef = 98B48AB81F1C950400099AF2 /* InfoWindowView.swift */; };
		98B48ABB1F1DEF5A00099AF2 /* ProportionalLabel.swift in Sources */ = {isa = PBXBuildFile; fileRef = 98B48ABA1F1DEF5A00099AF2 /* ProportionalLabel.swift */; };
		98B48ABD1F236AD800099AF2 /* LocationDetailViewController.swift in Sources */ = {isa = PBXBuildFile; fileRef = 98B48ABC1F236AD800099AF2 /* LocationDetailViewController.swift */; };
/* End PBXBuildFile section */

/* Begin PBXContainerItemProxy section */
		98A11D641EFA53F2007050E4 /* PBXContainerItemProxy */ = {
			isa = PBXContainerItemProxy;
			containerPortal = 98A11D471EFA53F2007050E4 /* Project object */;
			proxyType = 1;
			remoteGlobalIDString = 98A11D4E1EFA53F2007050E4;
			remoteInfo = FriendFinder;
		};
/* End PBXContainerItemProxy section */

/* Begin PBXCopyFilesBuildPhase section */
		98B48AB01F18A15000099AF2 /* Embed Frameworks */ = {
			isa = PBXCopyFilesBuildPhase;
			buildActionMask = 2147483647;
			dstPath = "";
			dstSubfolderSpec = 10;
			files = (
				98B48AAF1F18A15000099AF2 /* Pods_FriendFinder.framework in Embed Frameworks */,
			);
			name = "Embed Frameworks";
			runOnlyForDeploymentPostprocessing = 0;
		};
/* End PBXCopyFilesBuildPhase section */

/* Begin PBXFileReference section */
		01F4749EBE82D52B2E3A3229 /* Pods-FriendFinderTests.release.xcconfig */ = {isa = PBXFileReference; includeInIndex = 1; lastKnownFileType = text.xcconfig; name = "Pods-FriendFinderTests.release.xcconfig"; path = "Pods/Target Support Files/Pods-FriendFinderTests/Pods-FriendFinderTests.release.xcconfig"; sourceTree = "<group>"; };
		42568A4A1F3DC762007E0B05 /* fontawesome-webfont.ttf */ = {isa = PBXFileReference; lastKnownFileType = file; path = "fontawesome-webfont.ttf"; sourceTree = "<group>"; };
		427521DB1F4433F50098FFB0 /* MenuItem.swift */ = {isa = PBXFileReference; fileEncoding = 4; lastKnownFileType = sourcecode.swift; path = MenuItem.swift; sourceTree = "<group>"; };
		427521DF1F4A9C450098FFB0 /* InvitesViewController.swift */ = {isa = PBXFileReference; fileEncoding = 4; lastKnownFileType = sourcecode.swift; path = InvitesViewController.swift; sourceTree = "<group>"; };
		427521E11F4A9E230098FFB0 /* UserViewCell.swift */ = {isa = PBXFileReference; fileEncoding = 4; lastKnownFileType = sourcecode.swift; path = UserViewCell.swift; sourceTree = "<group>"; };
		42AB1D461F406E6B0022B88F /* MenuViewController.swift */ = {isa = PBXFileReference; fileEncoding = 4; lastKnownFileType = sourcecode.swift; path = MenuViewController.swift; sourceTree = "<group>"; };
		42AB1D481F406EE70022B88F /* FFUser.swift */ = {isa = PBXFileReference; fileEncoding = 4; lastKnownFileType = sourcecode.swift; path = FFUser.swift; sourceTree = "<group>"; };
		42AB1D4A1F40761E0022B88F /* Storyboard.storyboard */ = {isa = PBXFileReference; fileEncoding = 4; lastKnownFileType = file.storyboard; path = Storyboard.storyboard; sourceTree = "<group>"; };
		42AB1D4C1F419F9B0022B88F /* MenuViewCell.swift */ = {isa = PBXFileReference; fileEncoding = 4; lastKnownFileType = sourcecode.swift; path = MenuViewCell.swift; sourceTree = "<group>"; };
		42AB1D4E1F419FFC0022B88F /* SubtitleTableViewCell.swift */ = {isa = PBXFileReference; fileEncoding = 4; lastKnownFileType = sourcecode.swift; path = SubtitleTableViewCell.swift; sourceTree = "<group>"; };
		42EDBAE01F16291900C40DAE /* PXGoogleDirections.framework */ = {isa = PBXFileReference; lastKnownFileType = wrapper.framework; name = PXGoogleDirections.framework; path = "Frameworks/External/PXGoogleDirections/build/Debug-iphoneos/PXGoogleDirections.framework"; sourceTree = "<group>"; };
		42EDBAE21F16293D00C40DAE /* libPods-PXGoogleDirections.a */ = {isa = PBXFileReference; lastKnownFileType = archive.ar; name = "libPods-PXGoogleDirections.a"; path = "Pods/../build/Debug-iphoneos/libPods-PXGoogleDirections.a"; sourceTree = "<group>"; };
		42EDBAF91F1A346600C40DAE /* Utils.swift */ = {isa = PBXFileReference; fileEncoding = 4; lastKnownFileType = sourcecode.swift; path = Utils.swift; sourceTree = "<group>"; };
		42FF92131F05014100A6421B /* BottomBorderTextField.swift */ = {isa = PBXFileReference; fileEncoding = 4; lastKnownFileType = sourcecode.swift; path = BottomBorderTextField.swift; sourceTree = "<group>"; };
		42FF92151F08F65B00A6421B /* FriendFinder.entitlements */ = {isa = PBXFileReference; lastKnownFileType = text.plist.entitlements; path = FriendFinder.entitlements; sourceTree = "<group>"; };
		42FF92161F0F7B0800A6421B /* Default-568h@2x.png */ = {isa = PBXFileReference; lastKnownFileType = image.png; path = "Default-568h@2x.png"; sourceTree = "<group>"; };
		80E8F0C2B437A967A5CA5170 /* Pods-FriendFinderTests.debug.xcconfig */ = {isa = PBXFileReference; includeInIndex = 1; lastKnownFileType = text.xcconfig; name = "Pods-FriendFinderTests.debug.xcconfig"; path = "Pods/Target Support Files/Pods-FriendFinderTests/Pods-FriendFinderTests.debug.xcconfig"; sourceTree = "<group>"; };
		982351221F036A58005F853F /* GoogleService-Info.plist */ = {isa = PBXFileReference; fileEncoding = 4; lastKnownFileType = text.plist.xml; path = "GoogleService-Info.plist"; sourceTree = "<group>"; };
		9823B0681F08AB7D00982623 /* Errors.swift */ = {isa = PBXFileReference; fileEncoding = 4; lastKnownFileType = sourcecode.swift; path = Errors.swift; sourceTree = "<group>"; };
		9823B06B1F08D5EB00982623 /* MapViewController.swift */ = {isa = PBXFileReference; fileEncoding = 4; lastKnownFileType = sourcecode.swift; path = MapViewController.swift; sourceTree = "<group>"; };
		9823B0701F0B931700982623 /* Roboto-Medium.ttf */ = {isa = PBXFileReference; lastKnownFileType = file; path = "Roboto-Medium.ttf"; sourceTree = "<group>"; };
		98587B751F2F23CD00E4452D /* DragDismissAnimator.swift */ = {isa = PBXFileReference; fileEncoding = 4; lastKnownFileType = sourcecode.swift; path = DragDismissAnimator.swift; sourceTree = "<group>"; };
		98587B771F2F2AC900E4452D /* SwipeInteractor.swift */ = {isa = PBXFileReference; fileEncoding = 4; lastKnownFileType = sourcecode.swift; path = SwipeInteractor.swift; sourceTree = "<group>"; };
		98A11D4F1EFA53F2007050E4 /* FriendFinder.app */ = {isa = PBXFileReference; explicitFileType = wrapper.application; includeInIndex = 0; path = FriendFinder.app; sourceTree = BUILT_PRODUCTS_DIR; };
		98A11D521EFA53F2007050E4 /* AppDelegate.swift */ = {isa = PBXFileReference; lastKnownFileType = sourcecode.swift; path = AppDelegate.swift; sourceTree = "<group>"; };
		98A11D541EFA53F2007050E4 /* LaunchController.swift */ = {isa = PBXFileReference; lastKnownFileType = sourcecode.swift; path = LaunchController.swift; sourceTree = "<group>"; };
		98A11D571EFA53F2007050E4 /* Base */ = {isa = PBXFileReference; lastKnownFileType = file.storyboard; name = Base; path = Base.lproj/Main.storyboard; sourceTree = "<group>"; };
		98A11D591EFA53F2007050E4 /* Assets.xcassets */ = {isa = PBXFileReference; lastKnownFileType = folder.assetcatalog; path = Assets.xcassets; sourceTree = "<group>"; };
		98A11D5C1EFA53F2007050E4 /* Base */ = {isa = PBXFileReference; lastKnownFileType = file.storyboard; name = Base; path = Base.lproj/LaunchScreen.storyboard; sourceTree = "<group>"; };
		98A11D5E1EFA53F2007050E4 /* Info.plist */ = {isa = PBXFileReference; lastKnownFileType = text.plist.xml; path = Info.plist; sourceTree = "<group>"; };
		98A11D631EFA53F2007050E4 /* FriendFinderTests.xctest */ = {isa = PBXFileReference; explicitFileType = wrapper.cfbundle; includeInIndex = 0; path = FriendFinderTests.xctest; sourceTree = BUILT_PRODUCTS_DIR; };
		98A11D671EFA53F2007050E4 /* FriendFinderTests.swift */ = {isa = PBXFileReference; lastKnownFileType = sourcecode.swift; path = FriendFinderTests.swift; sourceTree = "<group>"; };
		98A11D691EFA53F2007050E4 /* Info.plist */ = {isa = PBXFileReference; lastKnownFileType = text.plist.xml; path = Info.plist; sourceTree = "<group>"; };
		98A11D721EFA5439007050E4 /* LoginController.swift */ = {isa = PBXFileReference; fileEncoding = 4; lastKnownFileType = sourcecode.swift; path = LoginController.swift; sourceTree = "<group>"; };
		98A11D741EFE0287007050E4 /* NextViewController.swift */ = {isa = PBXFileReference; fileEncoding = 4; lastKnownFileType = sourcecode.swift; path = NextViewController.swift; sourceTree = "<group>"; };
		98B48AB61F1C94DD00099AF2 /* InfoWindowView.xib */ = {isa = PBXFileReference; fileEncoding = 4; lastKnownFileType = file.xib; path = InfoWindowView.xib; sourceTree = "<group>"; };
		98B48AB81F1C950400099AF2 /* InfoWindowView.swift */ = {isa = PBXFileReference; fileEncoding = 4; lastKnownFileType = sourcecode.swift; path = InfoWindowView.swift; sourceTree = "<group>"; };
		98B48ABA1F1DEF5A00099AF2 /* ProportionalLabel.swift */ = {isa = PBXFileReference; fileEncoding = 4; lastKnownFileType = sourcecode.swift; path = ProportionalLabel.swift; sourceTree = "<group>"; };
		98B48ABC1F236AD800099AF2 /* LocationDetailViewController.swift */ = {isa = PBXFileReference; fileEncoding = 4; lastKnownFileType = sourcecode.swift; path = LocationDetailViewController.swift; sourceTree = "<group>"; };
		98D846301F332EA000EF3BED /* FriendFinder-Bridging-Header.h */ = {isa = PBXFileReference; lastKnownFileType = sourcecode.c.h; path = "FriendFinder-Bridging-Header.h"; sourceTree = "<group>"; };
		B1CC802789C9B2CCC9F1CBDE /* Pods-FriendFinder.debug.xcconfig */ = {isa = PBXFileReference; includeInIndex = 1; lastKnownFileType = text.xcconfig; name = "Pods-FriendFinder.debug.xcconfig"; path = "Pods/Target Support Files/Pods-FriendFinder/Pods-FriendFinder.debug.xcconfig"; sourceTree = "<group>"; };
		B682F2A084A89FE2EB12F192 /* Pods-FriendFinder.release.xcconfig */ = {isa = PBXFileReference; includeInIndex = 1; lastKnownFileType = text.xcconfig; name = "Pods-FriendFinder.release.xcconfig"; path = "Pods/Target Support Files/Pods-FriendFinder/Pods-FriendFinder.release.xcconfig"; sourceTree = "<group>"; };
		D8CE84B12AA706F1B764A408 /* Pods_FriendFinderTests.framework */ = {isa = PBXFileReference; explicitFileType = wrapper.framework; includeInIndex = 0; path = Pods_FriendFinderTests.framework; sourceTree = BUILT_PRODUCTS_DIR; };
		F585BB3615AC2957E8378E09 /* Pods_FriendFinder.framework */ = {isa = PBXFileReference; explicitFileType = wrapper.framework; includeInIndex = 0; path = Pods_FriendFinder.framework; sourceTree = BUILT_PRODUCTS_DIR; };
/* End PBXFileReference section */

/* Begin PBXFrameworksBuildPhase section */
		98A11D4C1EFA53F2007050E4 /* Frameworks */ = {
			isa = PBXFrameworksBuildPhase;
			buildActionMask = 2147483647;
			files = (
				98B48AAE1F18A15000099AF2 /* Pods_FriendFinder.framework in Frameworks */,
				3933236A940E4DB523CE55A7 /* Pods_FriendFinder.framework in Frameworks */,
			);
			runOnlyForDeploymentPostprocessing = 0;
		};
		98A11D601EFA53F2007050E4 /* Frameworks */ = {
			isa = PBXFrameworksBuildPhase;
			buildActionMask = 2147483647;
			files = (
				111B8F1B3ED00CDC52DA2843 /* Pods_FriendFinderTests.framework in Frameworks */,
			);
			runOnlyForDeploymentPostprocessing = 0;
		};
/* End PBXFrameworksBuildPhase section */

/* Begin PBXGroup section */
		2071CADB38D8D9DE538C78A7 /* Frameworks */ = {
			isa = PBXGroup;
			children = (
				42EDBAE21F16293D00C40DAE /* libPods-PXGoogleDirections.a */,
				42EDBAE01F16291900C40DAE /* PXGoogleDirections.framework */,
				F585BB3615AC2957E8378E09 /* Pods_FriendFinder.framework */,
				D8CE84B12AA706F1B764A408 /* Pods_FriendFinderTests.framework */,
			);
			name = Frameworks;
			sourceTree = "<group>";
		};
		950952CE0180FC83EE0D8C71 /* Pods */ = {
			isa = PBXGroup;
			children = (
				B1CC802789C9B2CCC9F1CBDE /* Pods-FriendFinder.debug.xcconfig */,
				B682F2A084A89FE2EB12F192 /* Pods-FriendFinder.release.xcconfig */,
				80E8F0C2B437A967A5CA5170 /* Pods-FriendFinderTests.debug.xcconfig */,
				01F4749EBE82D52B2E3A3229 /* Pods-FriendFinderTests.release.xcconfig */,
			);
			name = Pods;
			sourceTree = "<group>";
		};
		981760891F14B90100703759 /* TableCells */ = {
			isa = PBXGroup;
			children = (
				427521E11F4A9E230098FFB0 /* UserViewCell.swift */,
				42AB1D4E1F419FFC0022B88F /* SubtitleTableViewCell.swift */,
				42AB1D4C1F419F9B0022B88F /* MenuViewCell.swift */,
			);
			name = TableCells;
			sourceTree = "<group>";
		};
		9823B06A1F08D57900982623 /* ViewControllers */ = {
			isa = PBXGroup;
			children = (
				427521DF1F4A9C450098FFB0 /* InvitesViewController.swift */,
				98A11D721EFA5439007050E4 /* LoginController.swift */,
				98A11D541EFA53F2007050E4 /* LaunchController.swift */,
				98A11D741EFE0287007050E4 /* NextViewController.swift */,
				9823B06B1F08D5EB00982623 /* MapViewController.swift */,
				98B48ABC1F236AD800099AF2 /* LocationDetailViewController.swift */,
				42AB1D461F406E6B0022B88F /* MenuViewController.swift */,
			);
			name = ViewControllers;
			sourceTree = "<group>";
		};
		9823B06D1F08D64700982623 /* Views */ = {
			isa = PBXGroup;
			children = (
				42FF92131F05014100A6421B /* BottomBorderTextField.swift */,
				98B48AB61F1C94DD00099AF2 /* InfoWindowView.xib */,
				98B48AB81F1C950400099AF2 /* InfoWindowView.swift */,
				98B48ABA1F1DEF5A00099AF2 /* ProportionalLabel.swift */,
			);
			name = Views;
			sourceTree = "<group>";
		};
		98587B741F2F22C600E4452D /* Animators */ = {
			isa = PBXGroup;
			children = (
				98587B751F2F23CD00E4452D /* DragDismissAnimator.swift */,
				98587B771F2F2AC900E4452D /* SwipeInteractor.swift */,
			);
			name = Animators;
			path = ..;
			sourceTree = "<group>";
		};
		98A11D461EFA53F2007050E4 = {
			isa = PBXGroup;
			children = (
				42FF92161F0F7B0800A6421B /* Default-568h@2x.png */,
				98A11D511EFA53F2007050E4 /* FriendFinder */,
				98A11D661EFA53F2007050E4 /* FriendFinderTests */,
				98A11D501EFA53F2007050E4 /* Products */,
				950952CE0180FC83EE0D8C71 /* Pods */,
				2071CADB38D8D9DE538C78A7 /* Frameworks */,
				98D846301F332EA000EF3BED /* FriendFinder-Bridging-Header.h */,
			);
			sourceTree = "<group>";
		};
		98A11D501EFA53F2007050E4 /* Products */ = {
			isa = PBXGroup;
			children = (
				98A11D4F1EFA53F2007050E4 /* FriendFinder.app */,
				98A11D631EFA53F2007050E4 /* FriendFinderTests.xctest */,
			);
			name = Products;
			sourceTree = "<group>";
		};
		98A11D511EFA53F2007050E4 /* FriendFinder */ = {
			isa = PBXGroup;
			children = (
				9823B0701F0B931700982623 /* Roboto-Medium.ttf */,
				42568A4A1F3DC762007E0B05 /* fontawesome-webfont.ttf */,
				42FF92151F08F65B00A6421B /* FriendFinder.entitlements */,
				9823B06D1F08D64700982623 /* Views */,
				9823B06A1F08D57900982623 /* ViewControllers */,
				98A11D521EFA53F2007050E4 /* AppDelegate.swift */,
				98587B741F2F22C600E4452D /* Animators */,
				981760891F14B90100703759 /* TableCells */,
				98A11D561EFA53F2007050E4 /* Main.storyboard */,
				42AB1D4A1F40761E0022B88F /* Storyboard.storyboard */,
				9823B0681F08AB7D00982623 /* Errors.swift */,
				42EDBAF91F1A346600C40DAE /* Utils.swift */,
				42AB1D481F406EE70022B88F /* FFUser.swift */,
				427521DB1F4433F50098FFB0 /* MenuItem.swift */,
				98A11D591EFA53F2007050E4 /* Assets.xcassets */,
				98A11D5B1EFA53F2007050E4 /* LaunchScreen.storyboard */,
				98A11D5E1EFA53F2007050E4 /* Info.plist */,
				982351221F036A58005F853F /* GoogleService-Info.plist */,
			);
			path = FriendFinder;
			sourceTree = "<group>";
		};
		98A11D661EFA53F2007050E4 /* FriendFinderTests */ = {
			isa = PBXGroup;
			children = (
				98A11D671EFA53F2007050E4 /* FriendFinderTests.swift */,
				98A11D691EFA53F2007050E4 /* Info.plist */,
			);
			path = FriendFinderTests;
			sourceTree = "<group>";
		};
/* End PBXGroup section */

/* Begin PBXNativeTarget section */
		98A11D4E1EFA53F2007050E4 /* FriendFinder */ = {
			isa = PBXNativeTarget;
			buildConfigurationList = 98A11D6C1EFA53F2007050E4 /* Build configuration list for PBXNativeTarget "FriendFinder" */;
			buildPhases = (
				A4E68232E6C82DAC81216E07 /* [CP] Check Pods Manifest.lock */,
				98A11D4B1EFA53F2007050E4 /* Sources */,
				98A11D4C1EFA53F2007050E4 /* Frameworks */,
				98A11D4D1EFA53F2007050E4 /* Resources */,
				DC0571731B0E542E1D354FF1 /* [CP] Embed Pods Frameworks */,
				70A2CF509D0F383AE8CD3A0F /* [CP] Copy Pods Resources */,
				98B48AB01F18A15000099AF2 /* Embed Frameworks */,
			);
			buildRules = (
			);
			dependencies = (
			);
			name = FriendFinder;
			productName = FriendFinder;
			productReference = 98A11D4F1EFA53F2007050E4 /* FriendFinder.app */;
			productType = "com.apple.product-type.application";
		};
		98A11D621EFA53F2007050E4 /* FriendFinderTests */ = {
			isa = PBXNativeTarget;
			buildConfigurationList = 98A11D6F1EFA53F2007050E4 /* Build configuration list for PBXNativeTarget "FriendFinderTests" */;
			buildPhases = (
				07294D9DE2D5AA76C24ED902 /* [CP] Check Pods Manifest.lock */,
				98A11D5F1EFA53F2007050E4 /* Sources */,
				98A11D601EFA53F2007050E4 /* Frameworks */,
				98A11D611EFA53F2007050E4 /* Resources */,
				FD25E2847C571221BEC3FD00 /* [CP] Embed Pods Frameworks */,
				4F6674CAD088B3ED4979AC14 /* [CP] Copy Pods Resources */,
			);
			buildRules = (
			);
			dependencies = (
				98A11D651EFA53F2007050E4 /* PBXTargetDependency */,
			);
			name = FriendFinderTests;
			productName = FriendFinderTests;
			productReference = 98A11D631EFA53F2007050E4 /* FriendFinderTests.xctest */;
			productType = "com.apple.product-type.bundle.unit-test";
		};
/* End PBXNativeTarget section */

/* Begin PBXProject section */
		98A11D471EFA53F2007050E4 /* Project object */ = {
			isa = PBXProject;
			attributes = {
				LastSwiftUpdateCheck = 0830;
				LastUpgradeCheck = 0830;
				ORGANIZATIONNAME = "Samuel Lee and Avishek Ganguli";
				TargetAttributes = {
					98A11D4E1EFA53F2007050E4 = {
						CreatedOnToolsVersion = 8.3.2;
						DevelopmentTeam = WUBT82BFBF;
						LastSwiftMigration = 0830;
						ProvisioningStyle = Automatic;
						SystemCapabilities = {
							com.apple.Keychain = {
								enabled = 1;
							};
						};
					};
					98A11D621EFA53F2007050E4 = {
						CreatedOnToolsVersion = 8.3.2;
						ProvisioningStyle = Automatic;
						TestTargetID = 98A11D4E1EFA53F2007050E4;
					};
				};
			};
			buildConfigurationList = 98A11D4A1EFA53F2007050E4 /* Build configuration list for PBXProject "FriendFinder" */;
			compatibilityVersion = "Xcode 3.2";
			developmentRegion = English;
			hasScannedForEncodings = 0;
			knownRegions = (
				en,
				Base,
			);
			mainGroup = 98A11D461EFA53F2007050E4;
			productRefGroup = 98A11D501EFA53F2007050E4 /* Products */;
			projectDirPath = "";
			projectRoot = "";
			targets = (
				98A11D4E1EFA53F2007050E4 /* FriendFinder */,
				98A11D621EFA53F2007050E4 /* FriendFinderTests */,
			);
		};
/* End PBXProject section */

/* Begin PBXResourcesBuildPhase section */
		98A11D4D1EFA53F2007050E4 /* Resources */ = {
			isa = PBXResourcesBuildPhase;
			buildActionMask = 2147483647;
			files = (
				9823B0711F0B931700982623 /* Roboto-Medium.ttf in Resources */,
				98A11D5D1EFA53F2007050E4 /* LaunchScreen.storyboard in Resources */,
				42AB1D4B1F40761E0022B88F /* Storyboard.storyboard in Resources */,
				982351231F036A58005F853F /* GoogleService-Info.plist in Resources */,
				98A11D5A1EFA53F2007050E4 /* Assets.xcassets in Resources */,
				98B48AB71F1C94DD00099AF2 /* InfoWindowView.xib in Resources */,
				42568A4B1F3DC763007E0B05 /* fontawesome-webfont.ttf in Resources */,
				98A11D581EFA53F2007050E4 /* Main.storyboard in Resources */,
				42FF92171F0F7B0800A6421B /* Default-568h@2x.png in Resources */,
			);
			runOnlyForDeploymentPostprocessing = 0;
		};
		98A11D611EFA53F2007050E4 /* Resources */ = {
			isa = PBXResourcesBuildPhase;
			buildActionMask = 2147483647;
			files = (
			);
			runOnlyForDeploymentPostprocessing = 0;
		};
/* End PBXResourcesBuildPhase section */

/* Begin PBXShellScriptBuildPhase section */
		07294D9DE2D5AA76C24ED902 /* [CP] Check Pods Manifest.lock */ = {
			isa = PBXShellScriptBuildPhase;
			buildActionMask = 2147483647;
			files = (
			);
			inputPaths = (
			);
			name = "[CP] Check Pods Manifest.lock";
			outputPaths = (
			);
			runOnlyForDeploymentPostprocessing = 0;
			shellPath = /bin/sh;
			shellScript = "diff \"${PODS_PODFILE_DIR_PATH}/Podfile.lock\" \"${PODS_ROOT}/Manifest.lock\" > /dev/null\nif [ $? != 0 ] ; then\n    # print error to STDERR\n    echo \"error: The sandbox is not in sync with the Podfile.lock. Run 'pod install' or update your CocoaPods installation.\" >&2\n    exit 1\nfi\n";
			showEnvVarsInLog = 0;
		};
		4F6674CAD088B3ED4979AC14 /* [CP] Copy Pods Resources */ = {
			isa = PBXShellScriptBuildPhase;
			buildActionMask = 2147483647;
			files = (
			);
			inputPaths = (
			);
			name = "[CP] Copy Pods Resources";
			outputPaths = (
			);
			runOnlyForDeploymentPostprocessing = 0;
			shellPath = /bin/sh;
			shellScript = "\"${SRCROOT}/Pods/Target Support Files/Pods-FriendFinderTests/Pods-FriendFinderTests-resources.sh\"\n";
			showEnvVarsInLog = 0;
		};
		70A2CF509D0F383AE8CD3A0F /* [CP] Copy Pods Resources */ = {
			isa = PBXShellScriptBuildPhase;
			buildActionMask = 2147483647;
			files = (
			);
			inputPaths = (
			);
			name = "[CP] Copy Pods Resources";
			outputPaths = (
			);
			runOnlyForDeploymentPostprocessing = 0;
			shellPath = /bin/sh;
			shellScript = "\"${SRCROOT}/Pods/Target Support Files/Pods-FriendFinder/Pods-FriendFinder-resources.sh\"\n";
			showEnvVarsInLog = 0;
		};
		A4E68232E6C82DAC81216E07 /* [CP] Check Pods Manifest.lock */ = {
			isa = PBXShellScriptBuildPhase;
			buildActionMask = 2147483647;
			files = (
			);
			inputPaths = (
			);
			name = "[CP] Check Pods Manifest.lock";
			outputPaths = (
			);
			runOnlyForDeploymentPostprocessing = 0;
			shellPath = /bin/sh;
			shellScript = "diff \"${PODS_PODFILE_DIR_PATH}/Podfile.lock\" \"${PODS_ROOT}/Manifest.lock\" > /dev/null\nif [ $? != 0 ] ; then\n    # print error to STDERR\n    echo \"error: The sandbox is not in sync with the Podfile.lock. Run 'pod install' or update your CocoaPods installation.\" >&2\n    exit 1\nfi\n";
			showEnvVarsInLog = 0;
		};
		DC0571731B0E542E1D354FF1 /* [CP] Embed Pods Frameworks */ = {
			isa = PBXShellScriptBuildPhase;
			buildActionMask = 2147483647;
			files = (
			);
			inputPaths = (
			);
			name = "[CP] Embed Pods Frameworks";
			outputPaths = (
			);
			runOnlyForDeploymentPostprocessing = 0;
			shellPath = /bin/sh;
			shellScript = "\"${SRCROOT}/Pods/Target Support Files/Pods-FriendFinder/Pods-FriendFinder-frameworks.sh\"\n";
			showEnvVarsInLog = 0;
		};
		FD25E2847C571221BEC3FD00 /* [CP] Embed Pods Frameworks */ = {
			isa = PBXShellScriptBuildPhase;
			buildActionMask = 2147483647;
			files = (
			);
			inputPaths = (
			);
			name = "[CP] Embed Pods Frameworks";
			outputPaths = (
			);
			runOnlyForDeploymentPostprocessing = 0;
			shellPath = /bin/sh;
			shellScript = "\"${SRCROOT}/Pods/Target Support Files/Pods-FriendFinderTests/Pods-FriendFinderTests-frameworks.sh\"\n";
			showEnvVarsInLog = 0;
		};
/* End PBXShellScriptBuildPhase section */

/* Begin PBXSourcesBuildPhase section */
		98A11D4B1EFA53F2007050E4 /* Sources */ = {
			isa = PBXSourcesBuildPhase;
			buildActionMask = 2147483647;
			files = (
				42FF92141F05014100A6421B /* BottomBorderTextField.swift in Sources */,
				42AB1D471F406E6B0022B88F /* MenuViewController.swift in Sources */,
				42AB1D491F406EE70022B88F /* FFUser.swift in Sources */,
				98A11D551EFA53F2007050E4 /* LaunchController.swift in Sources */,
				98B48AB91F1C950400099AF2 /* InfoWindowView.swift in Sources */,
				42EDBAFA1F1A346600C40DAE /* Utils.swift in Sources */,
				98B48ABD1F236AD800099AF2 /* LocationDetailViewController.swift in Sources */,
				98A11D751EFE0287007050E4 /* NextViewController.swift in Sources */,
				98A11D731EFA5439007050E4 /* LoginController.swift in Sources */,
				98B48ABB1F1DEF5A00099AF2 /* ProportionalLabel.swift in Sources */,
				98A11D531EFA53F2007050E4 /* AppDelegate.swift in Sources */,
				427521E21F4A9E230098FFB0 /* UserViewCell.swift in Sources */,
				9823B0691F08AB7D00982623 /* Errors.swift in Sources */,
				42AB1D4D1F419F9B0022B88F /* MenuViewCell.swift in Sources */,
				42AB1D4F1F419FFC0022B88F /* SubtitleTableViewCell.swift in Sources */,
				98587B781F2F2AC900E4452D /* SwipeInteractor.swift in Sources */,
				427521DC1F4433F50098FFB0 /* MenuItem.swift in Sources */,
				427521E01F4A9C450098FFB0 /* InvitesViewController.swift in Sources */,
				9823B06C1F08D5EB00982623 /* MapViewController.swift in Sources */,
				98587B761F2F23CD00E4452D /* DragDismissAnimator.swift in Sources */,
			);
			runOnlyForDeploymentPostprocessing = 0;
		};
		98A11D5F1EFA53F2007050E4 /* Sources */ = {
			isa = PBXSourcesBuildPhase;
			buildActionMask = 2147483647;
			files = (
				98A11D681EFA53F2007050E4 /* FriendFinderTests.swift in Sources */,
			);
			runOnlyForDeploymentPostprocessing = 0;
		};
/* End PBXSourcesBuildPhase section */

/* Begin PBXTargetDependency section */
		98A11D651EFA53F2007050E4 /* PBXTargetDependency */ = {
			isa = PBXTargetDependency;
			target = 98A11D4E1EFA53F2007050E4 /* FriendFinder */;
			targetProxy = 98A11D641EFA53F2007050E4 /* PBXContainerItemProxy */;
		};
/* End PBXTargetDependency section */

/* Begin PBXVariantGroup section */
		98A11D561EFA53F2007050E4 /* Main.storyboard */ = {
			isa = PBXVariantGroup;
			children = (
				98A11D571EFA53F2007050E4 /* Base */,
			);
			name = Main.storyboard;
			sourceTree = "<group>";
		};
		98A11D5B1EFA53F2007050E4 /* LaunchScreen.storyboard */ = {
			isa = PBXVariantGroup;
			children = (
				98A11D5C1EFA53F2007050E4 /* Base */,
			);
			name = LaunchScreen.storyboard;
			sourceTree = "<group>";
		};
/* End PBXVariantGroup section */

/* Begin XCBuildConfiguration section */
		98A11D6A1EFA53F2007050E4 /* Debug */ = {
			isa = XCBuildConfiguration;
			buildSettings = {
				ALWAYS_SEARCH_USER_PATHS = NO;
				CLANG_ANALYZER_NONNULL = YES;
				CLANG_ANALYZER_NUMBER_OBJECT_CONVERSION = YES_AGGRESSIVE;
				CLANG_CXX_LANGUAGE_STANDARD = "gnu++0x";
				CLANG_CXX_LIBRARY = "libc++";
				CLANG_ENABLE_MODULES = YES;
				CLANG_ENABLE_OBJC_ARC = YES;
				CLANG_WARN_BOOL_CONVERSION = YES;
				CLANG_WARN_CONSTANT_CONVERSION = YES;
				CLANG_WARN_DIRECT_OBJC_ISA_USAGE = YES_ERROR;
				CLANG_WARN_DOCUMENTATION_COMMENTS = YES;
				CLANG_WARN_EMPTY_BODY = YES;
				CLANG_WARN_ENUM_CONVERSION = YES;
				CLANG_WARN_INFINITE_RECURSION = YES;
				CLANG_WARN_INT_CONVERSION = YES;
				CLANG_WARN_OBJC_ROOT_CLASS = YES_ERROR;
				CLANG_WARN_SUSPICIOUS_MOVE = YES;
				CLANG_WARN_UNREACHABLE_CODE = YES;
				CLANG_WARN__DUPLICATE_METHOD_MATCH = YES;
				"CODE_SIGN_IDENTITY[sdk=iphoneos*]" = "iPhone Developer";
				COPY_PHASE_STRIP = NO;
				DEBUG_INFORMATION_FORMAT = dwarf;
				ENABLE_STRICT_OBJC_MSGSEND = YES;
				ENABLE_TESTABILITY = YES;
				GCC_C_LANGUAGE_STANDARD = gnu99;
				GCC_DYNAMIC_NO_PIC = NO;
				GCC_NO_COMMON_BLOCKS = YES;
				GCC_OPTIMIZATION_LEVEL = 0;
				GCC_PREPROCESSOR_DEFINITIONS = (
					"DEBUG=1",
					"$(inherited)",
				);
				GCC_WARN_64_TO_32_BIT_CONVERSION = YES;
				GCC_WARN_ABOUT_RETURN_TYPE = YES_ERROR;
				GCC_WARN_UNDECLARED_SELECTOR = YES;
				GCC_WARN_UNINITIALIZED_AUTOS = YES_AGGRESSIVE;
				GCC_WARN_UNUSED_FUNCTION = YES;
				GCC_WARN_UNUSED_VARIABLE = YES;
				IPHONEOS_DEPLOYMENT_TARGET = 10.3;
				MTL_ENABLE_DEBUG_INFO = YES;
				ONLY_ACTIVE_ARCH = YES;
				SDKROOT = iphoneos;
				SWIFT_ACTIVE_COMPILATION_CONDITIONS = DEBUG;
				SWIFT_OPTIMIZATION_LEVEL = "-Onone";
				TARGETED_DEVICE_FAMILY = "1,2";
			};
			name = Debug;
		};
		98A11D6B1EFA53F2007050E4 /* Release */ = {
			isa = XCBuildConfiguration;
			buildSettings = {
				ALWAYS_SEARCH_USER_PATHS = NO;
				CLANG_ANALYZER_NONNULL = YES;
				CLANG_ANALYZER_NUMBER_OBJECT_CONVERSION = YES_AGGRESSIVE;
				CLANG_CXX_LANGUAGE_STANDARD = "gnu++0x";
				CLANG_CXX_LIBRARY = "libc++";
				CLANG_ENABLE_MODULES = YES;
				CLANG_ENABLE_OBJC_ARC = YES;
				CLANG_WARN_BOOL_CONVERSION = YES;
				CLANG_WARN_CONSTANT_CONVERSION = YES;
				CLANG_WARN_DIRECT_OBJC_ISA_USAGE = YES_ERROR;
				CLANG_WARN_DOCUMENTATION_COMMENTS = YES;
				CLANG_WARN_EMPTY_BODY = YES;
				CLANG_WARN_ENUM_CONVERSION = YES;
				CLANG_WARN_INFINITE_RECURSION = YES;
				CLANG_WARN_INT_CONVERSION = YES;
				CLANG_WARN_OBJC_ROOT_CLASS = YES_ERROR;
				CLANG_WARN_SUSPICIOUS_MOVE = YES;
				CLANG_WARN_UNREACHABLE_CODE = YES;
				CLANG_WARN__DUPLICATE_METHOD_MATCH = YES;
				"CODE_SIGN_IDENTITY[sdk=iphoneos*]" = "iPhone Developer";
				COPY_PHASE_STRIP = NO;
				DEBUG_INFORMATION_FORMAT = "dwarf-with-dsym";
				ENABLE_NS_ASSERTIONS = NO;
				ENABLE_STRICT_OBJC_MSGSEND = YES;
				GCC_C_LANGUAGE_STANDARD = gnu99;
				GCC_NO_COMMON_BLOCKS = YES;
				GCC_WARN_64_TO_32_BIT_CONVERSION = YES;
				GCC_WARN_ABOUT_RETURN_TYPE = YES_ERROR;
				GCC_WARN_UNDECLARED_SELECTOR = YES;
				GCC_WARN_UNINITIALIZED_AUTOS = YES_AGGRESSIVE;
				GCC_WARN_UNUSED_FUNCTION = YES;
				GCC_WARN_UNUSED_VARIABLE = YES;
				IPHONEOS_DEPLOYMENT_TARGET = 10.3;
				MTL_ENABLE_DEBUG_INFO = NO;
				SDKROOT = iphoneos;
				SWIFT_OPTIMIZATION_LEVEL = "-Owholemodule";
				TARGETED_DEVICE_FAMILY = "1,2";
				VALIDATE_PRODUCT = YES;
			};
			name = Release;
		};
		98A11D6D1EFA53F2007050E4 /* Debug */ = {
			isa = XCBuildConfiguration;
			baseConfigurationReference = B1CC802789C9B2CCC9F1CBDE /* Pods-FriendFinder.debug.xcconfig */;
			buildSettings = {
				ASSETCATALOG_COMPILER_APPICON_NAME = AppIcon;
				CLANG_ENABLE_MODULES = YES;
				CODE_SIGN_ENTITLEMENTS = FriendFinder/FriendFinder.entitlements;
				DEVELOPMENT_TEAM = WUBT82BFBF;
				FRAMEWORK_SEARCH_PATHS = (
					"$(inherited)",
					"$(PROJECT_DIR)/Frameworks/External/PXGoogleDirections/build/Debug-iphoneos",
				);
				INFOPLIST_FILE = FriendFinder/Info.plist;
				IPHONEOS_DEPLOYMENT_TARGET = 10.3;
				LD_RUNPATH_SEARCH_PATHS = "$(inherited) @executable_path/Frameworks";
				LIBRARY_SEARCH_PATHS = (
					"$(inherited)",
					"$(PROJECT_DIR)/build/Debug-iphoneos",
				);
				PRODUCT_BUNDLE_IDENTIFIER = SamApps.FriendFinder;
				PRODUCT_NAME = "$(TARGET_NAME)";
				SWIFT_OBJC_BRIDGING_HEADER = "FriendFinder-Bridging-Header.h";
				SWIFT_OPTIMIZATION_LEVEL = "-Onone";
				SWIFT_VERSION = 3.0;
			};
			name = Debug;
		};
		98A11D6E1EFA53F2007050E4 /* Release */ = {
			isa = XCBuildConfiguration;
			baseConfigurationReference = B682F2A084A89FE2EB12F192 /* Pods-FriendFinder.release.xcconfig */;
			buildSettings = {
				ASSETCATALOG_COMPILER_APPICON_NAME = AppIcon;
				CLANG_ENABLE_MODULES = YES;
				CODE_SIGN_ENTITLEMENTS = FriendFinder/FriendFinder.entitlements;
				DEVELOPMENT_TEAM = WUBT82BFBF;
				FRAMEWORK_SEARCH_PATHS = (
					"$(inherited)",
					"$(PROJECT_DIR)/Frameworks/External/PXGoogleDirections/build/Debug-iphoneos",
				);
				INFOPLIST_FILE = FriendFinder/Info.plist;
				IPHONEOS_DEPLOYMENT_TARGET = 10.3;
				LD_RUNPATH_SEARCH_PATHS = "$(inherited) @executable_path/Frameworks";
				LIBRARY_SEARCH_PATHS = (
					"$(inherited)",
					"$(PROJECT_DIR)/build/Debug-iphoneos",
				);
				PRODUCT_BUNDLE_IDENTIFIER = SamApps.FriendFinder;
				PRODUCT_NAME = "$(TARGET_NAME)";
				SWIFT_OBJC_BRIDGING_HEADER = "FriendFinder-Bridging-Header.h";
				SWIFT_VERSION = 3.0;
			};
			name = Release;
		};
		98A11D701EFA53F2007050E4 /* Debug */ = {
			isa = XCBuildConfiguration;
			baseConfigurationReference = 80E8F0C2B437A967A5CA5170 /* Pods-FriendFinderTests.debug.xcconfig */;
			buildSettings = {
				ALWAYS_EMBED_SWIFT_STANDARD_LIBRARIES = YES;
				BUNDLE_LOADER = "$(TEST_HOST)";
				INFOPLIST_FILE = FriendFinderTests/Info.plist;
				LD_RUNPATH_SEARCH_PATHS = "$(inherited) @executable_path/Frameworks @loader_path/Frameworks";
				PRODUCT_BUNDLE_IDENTIFIER = SamApps.FriendFinderTests;
				PRODUCT_NAME = "$(TARGET_NAME)";
				SWIFT_VERSION = 3.0;
				TEST_HOST = "$(BUILT_PRODUCTS_DIR)/FriendFinder.app/FriendFinder";
			};
			name = Debug;
		};
		98A11D711EFA53F2007050E4 /* Release */ = {
			isa = XCBuildConfiguration;
			baseConfigurationReference = 01F4749EBE82D52B2E3A3229 /* Pods-FriendFinderTests.release.xcconfig */;
			buildSettings = {
				ALWAYS_EMBED_SWIFT_STANDARD_LIBRARIES = YES;
				BUNDLE_LOADER = "$(TEST_HOST)";
				INFOPLIST_FILE = FriendFinderTests/Info.plist;
				LD_RUNPATH_SEARCH_PATHS = "$(inherited) @executable_path/Frameworks @loader_path/Frameworks";
				PRODUCT_BUNDLE_IDENTIFIER = SamApps.FriendFinderTests;
				PRODUCT_NAME = "$(TARGET_NAME)";
				SWIFT_VERSION = 3.0;
				TEST_HOST = "$(BUILT_PRODUCTS_DIR)/FriendFinder.app/FriendFinder";
			};
			name = Release;
		};
/* End XCBuildConfiguration section */

/* Begin XCConfigurationList section */
		98A11D4A1EFA53F2007050E4 /* Build configuration list for PBXProject "FriendFinder" */ = {
			isa = XCConfigurationList;
			buildConfigurations = (
				98A11D6A1EFA53F2007050E4 /* Debug */,
				98A11D6B1EFA53F2007050E4 /* Release */,
			);
			defaultConfigurationIsVisible = 0;
			defaultConfigurationName = Release;
		};
		98A11D6C1EFA53F2007050E4 /* Build configuration list for PBXNativeTarget "FriendFinder" */ = {
			isa = XCConfigurationList;
			buildConfigurations = (
				98A11D6D1EFA53F2007050E4 /* Debug */,
				98A11D6E1EFA53F2007050E4 /* Release */,
			);
			defaultConfigurationIsVisible = 0;
			defaultConfigurationName = Release;
		};
		98A11D6F1EFA53F2007050E4 /* Build configuration list for PBXNativeTarget "FriendFinderTests" */ = {
			isa = XCConfigurationList;
			buildConfigurations = (
				98A11D701EFA53F2007050E4 /* Debug */,
				98A11D711EFA53F2007050E4 /* Release */,
			);
			defaultConfigurationIsVisible = 0;
			defaultConfigurationName = Release;
		};
/* End XCConfigurationList section */
	};
	rootObject = 98A11D471EFA53F2007050E4 /* Project object */;
}
